
Microsoft Visual Studio Solution File, Format Version 12.00
# Visual Studio Version 16
VisualStudioVersion = 16.0.29306.81
MinimumVisualStudioVersion = 10.0.40219.1
Project("{8BC9CEB8-8B4A-11D0-8D11-00A0C91BC942}") = "SDGluaDLL", "SDGluaDLL\SDGluaDLL.vcxproj", "{99A770C5-2E85-4496-A154-AB96721B3040}"
EndProject
Global
	GlobalSection(SolutionConfigurationPlatforms) = preSolution
		Debug|x64 = Debug|x64
		Debug|x86 = Debug|x86
		Release|x64 = Release|x64
		Release|x86 = Release|x86
	EndGlobalSection
	GlobalSection(ProjectConfigurationPlatforms) = postSolution
		{99A770C5-2E85-4496-A154-AB96721B3040}.Debug|x64.ActiveCfg = Debug|x64
		{99A770C5-2E85-4496-A154-AB96721B3040}.Debug|x64.Build.0 = Debug|x64
		{99A770C5-2E85-4496-A154-AB96721B3040}.Debug|x86.ActiveCfg = Debug|Win32
		{99A770C5-2E85-4496-A154-AB96721B3040}.Debug|x86.Build.0 = Debug|Win32
		{99A770C5-2E85-4496-A154-AB96721B3040}.Release|x64.ActiveCfg = Release|x64
		{99A770C5-2E85-4496-A154-AB96721B3040}.Release|x64.Build.0 = Release|x64
		{99A770C5-2E85-4496-A154-AB96721B3040}.Release|x86.ActiveCfg = Release|Win32
		{99A770C5-2E85-4496-A154-AB96721B3040}.Release|x86.Build.0 = Release|Win32
	EndGlobalSection
	GlobalSection(SolutionProperties) = preSolution
		HideSolutionNode = FALSE
	EndGlobalSection
	GlobalSection(ExtensibilityGlobals) = postSolution
		SolutionGuid = {44D8EA1F-457E-433C-88B0-F5FAE8622D95}
	EndGlobalSection
EndGlobal
